{
  "object": {
    "pins": [
      {
        "package": "SwiftGraphics",
        "repositoryURL": "https://github.com/emorydunn/SwiftGraphics.git",
        "state": {
          "branch": "main",
          "revision": "93fc37757dc876f8f84ba4f4622964b5e7dbdd8b",
          "version": null
        }
      }
    ]
  },
  "version": 1
}
