{
  "object": {
    "pins": [
      {
        "package": "SwiftGraphics",
        "repositoryURL": "https://github.com/emorydunn/SwiftGraphics.git",
        "state": {
          "branch": "main",
          "revision": "59d7f687e4b1afc2a3d43e821521c664fd236076",
          "version": null
        }
      }
    ]
  },
  "version": 1
}
